// !$*UTF8*$!
{
	archiveVersion = 1;
	classes = {
	};
	objectVersion = 46;
	objects = {

/* Begin PBXBuildFile section */
		87F39CF41F25DD6B008DDAEC /* main.m in Sources */ = {isa = PBXBuildFile; fileRef = 87F39CF31F25DD6B008DDAEC /* main.m */; };
		87F39CF71F25DD6B008DDAEC /* AppDelegate.m in Sources */ = {isa = PBXBuildFile; fileRef = 87F39CF61F25DD6B008DDAEC /* AppDelegate.m */; };
		87F39CFA1F25DD6B008DDAEC /* ViewController.m in Sources */ = {isa = PBXBuildFile; fileRef = 87F39CF91F25DD6B008DDAEC /* ViewController.m */; };
		87F39CFD1F25DD6B008DDAEC /* Main.storyboard in Resources */ = {isa = PBXBuildFile; fileRef = 87F39CFB1F25DD6B008DDAEC /* Main.storyboard */; };
		87F39CFF1F25DD6B008DDAEC /* Assets.xcassets in Resources */ = {isa = PBXBuildFile; fileRef = 87F39CFE1F25DD6B008DDAEC /* Assets.xcassets */; };
		87F39D021F25DD6B008DDAEC /* LaunchScreen.storyboard in Resources */ = {isa = PBXBuildFile; fileRef = 87F39D001F25DD6B008DDAEC /* LaunchScreen.storyboard */; };
		87F39D0A1F25E229008DDAEC /* tgs.plist in Resources */ = {isa = PBXBuildFile; fileRef = 87F39D091F25E229008DDAEC /* tgs.plist */; };
		87F39D101F25E2AF008DDAEC /* GroupModel.m in Sources */ = {isa = PBXBuildFile; fileRef = 87F39D0F1F25E2AF008DDAEC /* GroupModel.m */; };
		87F39D141F25E45E008DDAEC /* GroupCell.m in Sources */ = {isa = PBXBuildFile; fileRef = 87F39D121F25E45E008DDAEC /* GroupCell.m */; };
		87F39D151F25E45E008DDAEC /* GroupCell.xib in Resources */ = {isa = PBXBuildFile; fileRef = 87F39D131F25E45E008DDAEC /* GroupCell.xib */; };
		87F39D181F2644A6008DDAEC /* BannerView.m in Sources */ = {isa = PBXBuildFile; fileRef = 87F39D171F2644A6008DDAEC /* BannerView.m */; };
/* End PBXBuildFile section */

/* Begin PBXFileReference section */
		87F39CEF1F25DD6B008DDAEC /* GroupPurchase.app */ = {isa = PBXFileReference; explicitFileType = wrapper.application; includeInIndex = 0; path = GroupPurchase.app; sourceTree = BUILT_PRODUCTS_DIR; };
		87F39CF31F25DD6B008DDAEC /* main.m */ = {isa = PBXFileReference; lastKnownFileType = sourcecode.c.objc; path = main.m; sourceTree = "<group>"; };
		87F39CF51F25DD6B008DDAEC /* AppDelegate.h */ = {isa = PBXFileReference; lastKnownFileType = sourcecode.c.h; path = AppDelegate.h; sourceTree = "<group>"; };
		87F39CF61F25DD6B008DDAEC /* AppDelegate.m */ = {isa = PBXFileReference; lastKnownFileType = sourcecode.c.objc; path = AppDelegate.m; sourceTree = "<group>"; };
		87F39CF81F25DD6B008DDAEC /* ViewController.h */ = {isa = PBXFileReference; lastKnownFileType = sourcecode.c.h; path = ViewController.h; sourceTree = "<group>"; };
		87F39CF91F25DD6B008DDAEC /* ViewController.m */ = {isa = PBXFileReference; lastKnownFileType = sourcecode.c.objc; path = ViewController.m; sourceTree = "<group>"; };
		87F39CFC1F25DD6B008DDAEC /* Base */ = {isa = PBXFileReference; lastKnownFileType = file.storyboard; name = Base; path = Base.lproj/Main.storyboard; sourceTree = "<group>"; };
		87F39CFE1F25DD6B008DDAEC /* Assets.xcassets */ = {isa = PBXFileReference; lastKnownFileType = folder.assetcatalog; path = Assets.xcassets; sourceTree = "<group>"; };
		87F39D011F25DD6B008DDAEC /* Base */ = {isa = PBXFileReference; lastKnownFileType = file.storyboard; name = Base; path = Base.lproj/LaunchScreen.storyboard; sourceTree = "<group>"; };
		87F39D031F25DD6B008DDAEC /* Info.plist */ = {isa = PBXFileReference; lastKnownFileType = text.plist.xml; path = Info.plist; sourceTree = "<group>"; };
		87F39D091F25E229008DDAEC /* tgs.plist */ = {isa = PBXFileReference; fileEncoding = 4; lastKnownFileType = text.plist.xml; path = tgs.plist; sourceTree = "<group>"; };
		87F39D0E1F25E2AF008DDAEC /* GroupModel.h */ = {isa = PBXFileReference; fileEncoding = 4; lastKnownFileType = sourcecode.c.h; path = GroupModel.h; sourceTree = "<group>"; };
		87F39D0F1F25E2AF008DDAEC /* GroupModel.m */ = {isa = PBXFileReference; fileEncoding = 4; lastKnownFileType = sourcecode.c.objc; path = GroupModel.m; sourceTree = "<group>"; };
		87F39D111F25E45E008DDAEC /* GroupCell.h */ = {isa = PBXFileReference; fileEncoding = 4; lastKnownFileType = sourcecode.c.h; path = GroupCell.h; sourceTree = "<group>"; };
		87F39D121F25E45E008DDAEC /* GroupCell.m */ = {isa = PBXFileReference; fileEncoding = 4; lastKnownFileType = sourcecode.c.objc; path = GroupCell.m; sourceTree = "<group>"; };
		87F39D131F25E45E008DDAEC /* GroupCell.xib */ = {isa = PBXFileReference; fileEncoding = 4; lastKnownFileType = file.xib; path = GroupCell.xib; sourceTree = "<group>"; };
		87F39D161F2644A6008DDAEC /* BannerView.h */ = {isa = PBXFileReference; fileEncoding = 4; lastKnownFileType = sourcecode.c.h; path = BannerView.h; sourceTree = "<group>"; };
		87F39D171F2644A6008DDAEC /* BannerView.m */ = {isa = PBXFileReference; fileEncoding = 4; lastKnownFileType = sourcecode.c.objc; path = BannerView.m; sourceTree = "<group>"; };
/* End PBXFileReference section */

/* Begin PBXFrameworksBuildPhase section */
		87F39CEC1F25DD6B008DDAEC /* Frameworks */ = {
			isa = PBXFrameworksBuildPhase;
			buildActionMask = 2147483647;
			files = (
			);
			runOnlyForDeploymentPostprocessing = 0;
		};
/* End PBXFrameworksBuildPhase section */

/* Begin PBXGroup section */
		87F39CE61F25DD6B008DDAEC = {
			isa = PBXGroup;
			children = (
				87F39CF11F25DD6B008DDAEC /* GroupPurchase */,
				87F39CF01F25DD6B008DDAEC /* Products */,
			);
			sourceTree = "<group>";
		};
		87F39CF01F25DD6B008DDAEC /* Products */ = {
			isa = PBXGroup;
			children = (
				87F39CEF1F25DD6B008DDAEC /* GroupPurchase.app */,
			);
			name = Products;
			sourceTree = "<group>";
		};
		87F39CF11F25DD6B008DDAEC /* GroupPurchase */ = {
			isa = PBXGroup;
			children = (
				87F39CF51F25DD6B008DDAEC /* AppDelegate.h */,
				87F39CF61F25DD6B008DDAEC /* AppDelegate.m */,
				87F39D0B1F25E242008DDAEC /* View */,
				87F39D0C1F25E24B008DDAEC /* Model */,
				87F39D0D1F25E262008DDAEC /* Controller */,
				87F39CF21F25DD6B008DDAEC /* Supporting Files */,
			);
			path = GroupPurchase;
			sourceTree = "<group>";
		};
		87F39CF21F25DD6B008DDAEC /* Supporting Files */ = {
			isa = PBXGroup;
			children = (
				87F39CFB1F25DD6B008DDAEC /* Main.storyboard */,
				87F39CFE1F25DD6B008DDAEC /* Assets.xcassets */,
				87F39D001F25DD6B008DDAEC /* LaunchScreen.storyboard */,
				87F39D031F25DD6B008DDAEC /* Info.plist */,
				87F39D091F25E229008DDAEC /* tgs.plist */,
				87F39CF31F25DD6B008DDAEC /* main.m */,
			);
			name = "Supporting Files";
			sourceTree = "<group>";
		};
		87F39D0B1F25E242008DDAEC /* View */ = {
			isa = PBXGroup;
			children = (
				87F39D111F25E45E008DDAEC /* GroupCell.h */,
				87F39D121F25E45E008DDAEC /* GroupCell.m */,
				87F39D131F25E45E008DDAEC /* GroupCell.xib */,
				87F39D161F2644A6008DDAEC /* BannerView.h */,
				87F39D171F2644A6008DDAEC /* BannerView.m */,
			);
			name = View;
			sourceTree = "<group>";
		};
		87F39D0C1F25E24B008DDAEC /* Model */ = {
			isa = PBXGroup;
			children = (
				87F39D0E1F25E2AF008DDAEC /* GroupModel.h */,
				87F39D0F1F25E2AF008DDAEC /* GroupModel.m */,
			);
			name = Model;
			sourceTree = "<group>";
		};
		87F39D0D1F25E262008DDAEC /* Controller */ = {
			isa = PBXGroup;
			children = (
				87F39CF81F25DD6B008DDAEC /* ViewController.h */,
				87F39CF91F25DD6B008DDAEC /* ViewController.m */,
			);
			name = Controller;
			sourceTree = "<group>";
		};
/* End PBXGroup section */

/* Begin PBXNativeTarget section */
		87F39CEE1F25DD6B008DDAEC /* GroupPurchase */ = {
			isa = PBXNativeTarget;
			buildConfigurationList = 87F39D061F25DD6B008DDAEC /* Build configuration list for PBXNativeTarget "GroupPurchase" */;
			buildPhases = (
				87F39CEB1F25DD6B008DDAEC /* Sources */,
				87F39CEC1F25DD6B008DDAEC /* Frameworks */,
				87F39CED1F25DD6B008DDAEC /* Resources */,
			);
			buildRules = (
			);
			dependencies = (
			);
			name = GroupPurchase;
			productName = GroupPurchase;
			productReference = 87F39CEF1F25DD6B008DDAEC /* GroupPurchase.app */;
			productType = "com.apple.product-type.application";
		};
/* End PBXNativeTarget section */

/* Begin PBXProject section */
		87F39CE71F25DD6B008DDAEC /* Project object */ = {
			isa = PBXProject;
			attributes = {
				LastUpgradeCheck = 0830;
				ORGANIZATIONNAME = Fu;
				TargetAttributes = {
					87F39CEE1F25DD6B008DDAEC = {
						CreatedOnToolsVersion = 8.3.3;
						DevelopmentTeam = BBUT5W56EH;
						ProvisioningStyle = Automatic;
					};
				};
			};
			buildConfigurationList = 87F39CEA1F25DD6B008DDAEC /* Build configuration list for PBXProject "GroupPurchase" */;
			compatibilityVersion = "Xcode 3.2";
			developmentRegion = English;
			hasScannedForEncodings = 0;
			knownRegions = (
				en,
				Base,
			);
			mainGroup = 87F39CE61F25DD6B008DDAEC;
			productRefGroup = 87F39CF01F25DD6B008DDAEC /* Products */;
			projectDirPath = "";
			projectRoot = "";
			targets = (
				87F39CEE1F25DD6B008DDAEC /* GroupPurchase */,
			);
		};
/* End PBXProject section */

/* Begin PBXResourcesBuildPhase section */
		87F39CED1F25DD6B008DDAEC /* Resources */ = {
			isa = PBXResourcesBuildPhase;
			buildActionMask = 2147483647;
			files = (
				87F39D021F25DD6B008DDAEC /* LaunchScreen.storyboard in Resources */,
				87F39D0A1F25E229008DDAEC /* tgs.plist in Resources */,
				87F39CFF1F25DD6B008DDAEC /* Assets.xcassets in Resources */,
				87F39D151F25E45E008DDAEC /* GroupCell.xib in Resources */,
				87F39CFD1F25DD6B008DDAEC /* Main.storyboard in Resources */,
			);
			runOnlyForDeploymentPostprocessing = 0;
		};
/* End PBXResourcesBuildPhase section */

/* Begin PBXSourcesBuildPhase section */
		87F39CEB1F25DD6B008DDAEC /* Sources */ = {
			isa = PBXSourcesBuildPhase;
			buildActionMask = 2147483647;
			files = (
				87F39D141F25E45E008DDAEC /* GroupCell.m in Sources */,
				87F39CFA1F25DD6B008DDAEC /* ViewController.m in Sources */,
				87F39D181F2644A6008DDAEC /* BannerView.m in Sources */,
				87F39D101F25E2AF008DDAEC /* GroupModel.m in Sources */,
				87F39CF71F25DD6B008DDAEC /* AppDelegate.m in Sources */,
				87F39CF41F25DD6B008DDAEC /* main.m in Sources */,
			);
			runOnlyForDeploymentPostprocessing = 0;
		};
/* End PBXSourcesBuildPhase section */

/* Begin PBXVariantGroup section */
		87F39CFB1F25DD6B008DDAEC /* Main.storyboard */ = {
			isa = PBXVariantGroup;
			children = (
				87F39CFC1F25DD6B008DDAEC /* Base */,
			);
			name = Main.storyboard;
			sourceTree = "<group>";
		};
		87F39D001F25DD6B008DDAEC /* LaunchScreen.storyboard */ = {
			isa = PBXVariantGroup;
			children = (
				87F39D011F25DD6B008DDAEC /* Base */,
			);
			name = LaunchScreen.storyboard;
			sourceTree = "<group>";
		};
/* End PBXVariantGroup section */

/* Begin XCBuildConfiguration section */
		87F39D041F25DD6B008DDAEC /* Debug */ = {
			isa = XCBuildConfiguration;
			buildSettings = {
				ALWAYS_SEARCH_USER_PATHS = NO;
				CLANG_ANALYZER_NONNULL = YES;
				CLANG_ANALYZER_NUMBER_OBJECT_CONVERSION = YES_AGGRESSIVE;
				CLANG_CXX_LANGUAGE_STANDARD = "gnu++0x";
				CLANG_CXX_LIBRARY = "libc++";
				CLANG_ENABLE_MODULES = YES;
				CLANG_ENABLE_OBJC_ARC = YES;
				CLANG_WARN_BOOL_CONVERSION = YES;
				CLANG_WARN_CONSTANT_CONVERSION = YES;
				CLANG_WARN_DIRECT_OBJC_ISA_USAGE = YES_ERROR;
				CLANG_WARN_DOCUMENTATION_COMMENTS = YES;
				CLANG_WARN_EMPTY_BODY = YES;
				CLANG_WARN_ENUM_CONVERSION = YES;
				CLANG_WARN_INFINITE_RECURSION = YES;
				CLANG_WARN_INT_CONVERSION = YES;
				CLANG_WARN_OBJC_ROOT_CLASS = YES_ERROR;
				CLANG_WARN_SUSPICIOUS_MOVE = YES;
				CLANG_WARN_UNREACHABLE_CODE = YES;
				CLANG_WARN__DUPLICATE_METHOD_MATCH = YES;
				"CODE_SIGN_IDENTITY[sdk=iphoneos*]" = "iPhone Developer";
				COPY_PHASE_STRIP = NO;
				DEBUG_INFORMATION_FORMAT = dwarf;
				ENABLE_STRICT_OBJC_MSGSEND = YES;
				ENABLE_TESTABILITY = YES;
				GCC_C_LANGUAGE_STANDARD = gnu99;
				GCC_DYNAMIC_NO_PIC = NO;
				GCC_NO_COMMON_BLOCKS = YES;
				GCC_OPTIMIZATION_LEVEL = 0;
				GCC_PREPROCESSOR_DEFINITIONS = (
					"DEBUG=1",
					"$(inherited)",
				);
				GCC_WARN_64_TO_32_BIT_CONVERSION = YES;
				GCC_WARN_ABOUT_RETURN_TYPE = YES_ERROR;
				GCC_WARN_UNDECLARED_SELECTOR = YES;
				GCC_WARN_UNINITIALIZED_AUTOS = YES_AGGRESSIVE;
				GCC_WARN_UNUSED_FUNCTION = YES;
				GCC_WARN_UNUSED_VARIABLE = YES;
				IPHONEOS_DEPLOYMENT_TARGET = 10.3;
				MTL_ENABLE_DEBUG_INFO = YES;
				ONLY_ACTIVE_ARCH = YES;
				SDKROOT = iphoneos;
				TARGETED_DEVICE_FAMILY = "1,2";
			};
			name = Debug;
		};
		87F39D051F25DD6B008DDAEC /* Release */ = {
			isa = XCBuildConfiguration;
			buildSettings = {
				ALWAYS_SEARCH_USER_PATHS = NO;
				CLANG_ANALYZER_NONNULL = YES;
				CLANG_ANALYZER_NUMBER_OBJECT_CONVERSION = YES_AGGRESSIVE;
				CLANG_CXX_LANGUAGE_STANDARD = "gnu++0x";
				CLANG_CXX_LIBRARY = "libc++";
				CLANG_ENABLE_MODULES = YES;
				CLANG_ENABLE_OBJC_ARC = YES;
				CLANG_WARN_BOOL_CONVERSION = YES;
				CLANG_WARN_CONSTANT_CONVERSION = YES;
				CLANG_WARN_DIRECT_OBJC_ISA_USAGE = YES_ERROR;
				CLANG_WARN_DOCUMENTATION_COMMENTS = YES;
				CLANG_WARN_EMPTY_BODY = YES;
				CLANG_WARN_ENUM_CONVERSION = YES;
				CLANG_WARN_INFINITE_RECURSION = YES;
				CLANG_WARN_INT_CONVERSION = YES;
				CLANG_WARN_OBJC_ROOT_CLASS = YES_ERROR;
				CLANG_WARN_SUSPICIOUS_MOVE = YES;
				CLANG_WARN_UNREACHABLE_CODE = YES;
				CLANG_WARN__DUPLICATE_METHOD_MATCH = YES;
				"CODE_SIGN_IDENTITY[sdk=iphoneos*]" = "iPhone Developer";
				COPY_PHASE_STRIP = NO;
				DEBUG_INFORMATION_FORMAT = "dwarf-with-dsym";
				ENABLE_NS_ASSERTIONS = NO;
				ENABLE_STRICT_OBJC_MSGSEND = YES;
				GCC_C_LANGUAGE_STANDARD = gnu99;
				GCC_NO_COMMON_BLOCKS = YES;
				GCC_WARN_64_TO_32_BIT_CONVERSION = YES;
				GCC_WARN_ABOUT_RETURN_TYPE = YES_ERROR;
				GCC_WARN_UNDECLARED_SELECTOR = YES;
				GCC_WARN_UNINITIALIZED_AUTOS = YES_AGGRESSIVE;
				GCC_WARN_UNUSED_FUNCTION = YES;
				GCC_WARN_UNUSED_VARIABLE = YES;
				IPHONEOS_DEPLOYMENT_TARGET = 10.3;
				MTL_ENABLE_DEBUG_INFO = NO;
				SDKROOT = iphoneos;
				TARGETED_DEVICE_FAMILY = "1,2";
				VALIDATE_PRODUCT = YES;
			};
			name = Release;
		};
		87F39D071F25DD6B008DDAEC /* Debug */ = {
			isa = XCBuildConfiguration;
			buildSettings = {
				ASSETCATALOG_COMPILER_APPICON_NAME = AppIcon;
				DEVELOPMENT_TEAM = BBUT5W56EH;
				INFOPLIST_FILE = GroupPurchase/Info.plist;
				LD_RUNPATH_SEARCH_PATHS = "$(inherited) @executable_path/Frameworks";
				PRODUCT_BUNDLE_IDENTIFIER = ting.lib.GroupPurchase;
				PRODUCT_NAME = "$(TARGET_NAME)";
			};
			name = Debug;
		};
		87F39D081F25DD6B008DDAEC /* Release */ = {
			isa = XCBuildConfiguration;
			buildSettings = {
				ASSETCATALOG_COMPILER_APPICON_NAME = AppIcon;
				DEVELOPMENT_TEAM = BBUT5W56EH;
				INFOPLIST_FILE = GroupPurchase/Info.plist;
				LD_RUNPATH_SEARCH_PATHS = "$(inherited) @executable_path/Frameworks";
				PRODUCT_BUNDLE_IDENTIFIER = ting.lib.GroupPurchase;
				PRODUCT_NAME = "$(TARGET_NAME)";
			};
			name = Release;
		};
/* End XCBuildConfiguration section */

/* Begin XCConfigurationList section */
		87F39CEA1F25DD6B008DDAEC /* Build configuration list for PBXProject "GroupPurchase" */ = {
			isa = XCConfigurationList;
			buildConfigurations = (
				87F39D041F25DD6B008DDAEC /* Debug */,
				87F39D051F25DD6B008DDAEC /* Release */,
			);
			defaultConfigurationIsVisible = 0;
			defaultConfigurationName = Release;
		};
		87F39D061F25DD6B008DDAEC /* Build configuration list for PBXNativeTarget "GroupPurchase" */ = {
			isa = XCConfigurationList;
			buildConfigurations = (
				87F39D071F25DD6B008DDAEC /* Debug */,
				87F39D081F25DD6B008DDAEC /* Release */,
			);
			defaultConfigurationIsVisible = 0;
		};
/* End XCConfigurationList section */
	};
	rootObject = 87F39CE71F25DD6B008DDAEC /* Project object */;
}
